{
  "nodes": {
    "nixpkgs": {
      "locked": {
        "lastModified": 1700413636,
        "narHash": "sha256-ShG8YDoWt+Q7vWaMHvEA8QESibONh6seCC6UhDMRcWY=",
        "owner": "NixOS",
        "repo": "nixpkgs",
        "rev": "07342257421ba44af6c15f953c952778455cbf6c",
        "type": "github"
      },
      "original": {
        "id": "nixpkgs",
        "ref": "master",
        "type": "indirect"
      }
    },
    "root": {
      "inputs": {
        "nixpkgs": "nixpkgs"
      }
    }
  },
  "root": "root",
  "version": 7
}
